
Microsoft Visual Studio Solution File, Format Version 12.00
# Visual Studio 15
VisualStudioVersion = 15.0.28307.572
MinimumVisualStudioVersion = 10.0.40219.1
Project("{FAE04EC0-301F-11D3-BF4B-00C04F79EFBC}") = "LLBLGEN", "LLBLGEN\LLBLGEN.csproj", "{A2592DBA-9552-424E-A57D-B0A9B71861CF}"
EndProject
Project("{9A19103F-16F7-4668-BE54-9A1E7A4F7556}") = "webapi22.example.data_access", "webapi22.example.data_access\webapi22.example.data_access.csproj", "{62F452B1-1AE2-4B8B-9C8C-8CBA31653305}"
EndProject
Project("{9A19103F-16F7-4668-BE54-9A1E7A4F7556}") = "webapi22.example.dtos", "webapi22.example.dtos\webapi22.example.dtos\webapi22.example.dtos.csproj", "{8B8D5048-C32D-48D0-B8FA-4C218D954DD5}"
EndProject
Project("{9A19103F-16F7-4668-BE54-9A1E7A4F7556}") = "webapi22.example.dtos.Persistence", "webapi22.example.dtos\webapi22.example.dtos.Persistence\webapi22.example.dtos.Persistence.csproj", "{ED5155CA-29D0-4444-AEFA-93D3BE52EED8}"
EndProject
Project("{FAE04EC0-301F-11D3-BF4B-00C04F79EFBC}") = "webapi2.2.api", "webapi2.2.api\webapi2.2.api.csproj", "{99D2FED6-38B5-4523-BD89-659671B825C0}"
EndProject
Project("{FAE04EC0-301F-11D3-BF4B-00C04F79EFBC}") = "webapi22.example.dtos.validation", "webapi22.example.dtos.validation\webapi22.example.dtos.validation.csproj", "{ED452164-FFC2-401A-B900-45EAD7A2E004}"
EndProject
Project("{FAE04EC0-301F-11D3-BF4B-00C04F79EFBC}") = "webapi22.example.data_access.in_memory", "webapi22.example.data_access.in_memory\webapi22.example.data_access.in_memory.csproj", "{FE17932C-035A-4AC2-B474-4CCC4EB907C5}"
EndProject
Project("{FAE04EC0-301F-11D3-BF4B-00C04F79EFBC}") = "zScrap", "zScrap\zScrap.csproj", "{218285CF-EDB7-4C8F-B0AE-2B018429DBE0}"
EndProject
Global
	GlobalSection(SolutionConfigurationPlatforms) = preSolution
		Debug|Any CPU = Debug|Any CPU
		Release|Any CPU = Release|Any CPU
	EndGlobalSection
	GlobalSection(ProjectConfigurationPlatforms) = postSolution
		{A2592DBA-9552-424E-A57D-B0A9B71861CF}.Debug|Any CPU.ActiveCfg = Debug|Any CPU
		{A2592DBA-9552-424E-A57D-B0A9B71861CF}.Debug|Any CPU.Build.0 = Debug|Any CPU
		{A2592DBA-9552-424E-A57D-B0A9B71861CF}.Release|Any CPU.ActiveCfg = Release|Any CPU
		{A2592DBA-9552-424E-A57D-B0A9B71861CF}.Release|Any CPU.Build.0 = Release|Any CPU
		{62F452B1-1AE2-4B8B-9C8C-8CBA31653305}.Debug|Any CPU.ActiveCfg = Debug|Any CPU
		{62F452B1-1AE2-4B8B-9C8C-8CBA31653305}.Debug|Any CPU.Build.0 = Debug|Any CPU
		{62F452B1-1AE2-4B8B-9C8C-8CBA31653305}.Release|Any CPU.ActiveCfg = Release|Any CPU
		{62F452B1-1AE2-4B8B-9C8C-8CBA31653305}.Release|Any CPU.Build.0 = Release|Any CPU
		{8B8D5048-C32D-48D0-B8FA-4C218D954DD5}.Debug|Any CPU.ActiveCfg = Debug|Any CPU
		{8B8D5048-C32D-48D0-B8FA-4C218D954DD5}.Debug|Any CPU.Build.0 = Debug|Any CPU
		{8B8D5048-C32D-48D0-B8FA-4C218D954DD5}.Release|Any CPU.ActiveCfg = Release|Any CPU
		{8B8D5048-C32D-48D0-B8FA-4C218D954DD5}.Release|Any CPU.Build.0 = Release|Any CPU
		{ED5155CA-29D0-4444-AEFA-93D3BE52EED8}.Debug|Any CPU.ActiveCfg = Debug|Any CPU
		{ED5155CA-29D0-4444-AEFA-93D3BE52EED8}.Debug|Any CPU.Build.0 = Debug|Any CPU
		{ED5155CA-29D0-4444-AEFA-93D3BE52EED8}.Release|Any CPU.ActiveCfg = Release|Any CPU
		{ED5155CA-29D0-4444-AEFA-93D3BE52EED8}.Release|Any CPU.Build.0 = Release|Any CPU
		{99D2FED6-38B5-4523-BD89-659671B825C0}.Debug|Any CPU.ActiveCfg = Debug|Any CPU
		{99D2FED6-38B5-4523-BD89-659671B825C0}.Debug|Any CPU.Build.0 = Debug|Any CPU
		{99D2FED6-38B5-4523-BD89-659671B825C0}.Release|Any CPU.ActiveCfg = Release|Any CPU
		{99D2FED6-38B5-4523-BD89-659671B825C0}.Release|Any CPU.Build.0 = Release|Any CPU
		{ED452164-FFC2-401A-B900-45EAD7A2E004}.Debug|Any CPU.ActiveCfg = Debug|Any CPU
		{ED452164-FFC2-401A-B900-45EAD7A2E004}.Debug|Any CPU.Build.0 = Debug|Any CPU
		{ED452164-FFC2-401A-B900-45EAD7A2E004}.Release|Any CPU.ActiveCfg = Release|Any CPU
		{ED452164-FFC2-401A-B900-45EAD7A2E004}.Release|Any CPU.Build.0 = Release|Any CPU
		{FE17932C-035A-4AC2-B474-4CCC4EB907C5}.Debug|Any CPU.ActiveCfg = Debug|Any CPU
		{FE17932C-035A-4AC2-B474-4CCC4EB907C5}.Debug|Any CPU.Build.0 = Debug|Any CPU
		{FE17932C-035A-4AC2-B474-4CCC4EB907C5}.Release|Any CPU.ActiveCfg = Release|Any CPU
		{FE17932C-035A-4AC2-B474-4CCC4EB907C5}.Release|Any CPU.Build.0 = Release|Any CPU
		{218285CF-EDB7-4C8F-B0AE-2B018429DBE0}.Debug|Any CPU.ActiveCfg = Debug|Any CPU
		{218285CF-EDB7-4C8F-B0AE-2B018429DBE0}.Debug|Any CPU.Build.0 = Debug|Any CPU
		{218285CF-EDB7-4C8F-B0AE-2B018429DBE0}.Release|Any CPU.ActiveCfg = Release|Any CPU
		{218285CF-EDB7-4C8F-B0AE-2B018429DBE0}.Release|Any CPU.Build.0 = Release|Any CPU
	EndGlobalSection
	GlobalSection(SolutionProperties) = preSolution
		HideSolutionNode = FALSE
	EndGlobalSection
	GlobalSection(ExtensibilityGlobals) = postSolution
		SolutionGuid = {BC18CF35-F8D0-4274-807E-FF79BDACC38A}
	EndGlobalSection
EndGlobal
